
Microsoft Visual Studio Solution File, Format Version 12.00
# Visual Studio 2012
Project("{FAE04EC0-301F-11D3-BF4B-00C04F79EFBC}") = "Excercise", "Excercise.csproj", "{C3C9CDBD-D0FF-4175-936C-14A16094E083}"
EndProject
Project("{FAE04EC0-301F-11D3-BF4B-00C04F79EFBC}") = "UnitTestProject1", "..\UnitTestProject1\UnitTestProject1.csproj", "{16687397-7431-4371-9025-AA9CE44AD3F6}"
EndProject
Global
	GlobalSection(SolutionConfigurationPlatforms) = preSolution
		Debug|Any CPU = Debug|Any CPU
		Release|Any CPU = Release|Any CPU
	EndGlobalSection
	GlobalSection(ProjectConfigurationPlatforms) = postSolution
		{C3C9CDBD-D0FF-4175-936C-14A16094E083}.Debug|Any CPU.ActiveCfg = Debug|Any CPU
		{C3C9CDBD-D0FF-4175-936C-14A16094E083}.Debug|Any CPU.Build.0 = Debug|Any CPU
		{C3C9CDBD-D0FF-4175-936C-14A16094E083}.Release|Any CPU.ActiveCfg = Release|Any CPU
		{C3C9CDBD-D0FF-4175-936C-14A16094E083}.Release|Any CPU.Build.0 = Release|Any CPU
		{16687397-7431-4371-9025-AA9CE44AD3F6}.Debug|Any CPU.ActiveCfg = Debug|Any CPU
		{16687397-7431-4371-9025-AA9CE44AD3F6}.Debug|Any CPU.Build.0 = Debug|Any CPU
		{16687397-7431-4371-9025-AA9CE44AD3F6}.Release|Any CPU.ActiveCfg = Release|Any CPU
		{16687397-7431-4371-9025-AA9CE44AD3F6}.Release|Any CPU.Build.0 = Release|Any CPU
	EndGlobalSection
	GlobalSection(SolutionProperties) = preSolution
		HideSolutionNode = FALSE
	EndGlobalSection
EndGlobal
